{
  "name": "duroxide",
  "version": "0.1.19",
  "lockfileVersion": 3,
  "requires": true,
  "packages": {
    "": {
      "name": "duroxide",
      "version": "0.1.19",
      "license": "MIT",
      "devDependencies": {
        "@napi-rs/cli": "^2.18.0",
        "dotenv": "^17.2.4"
      },
      "engines": {
        "node": ">= 18"
      },
      "optionalDependencies": {
        "duroxide-darwin-arm64": "0.1.19",
        "duroxide-darwin-x64": "0.1.19",
        "duroxide-linux-x64-gnu": "0.1.19",
        "duroxide-windows-x64": "0.1.19"
      }
    },
    "node_modules/@napi-rs/cli": {
      "version": "2.18.4",
      "resolved": "https://registry.npmjs.org/@napi-rs/cli/-/cli-2.18.4.tgz",
      "integrity": "sha512-SgJeA4df9DE2iAEpr3M2H0OKl/yjtg1BnRI5/JyowS71tUWhrfSu2LT0V3vlHET+g1hBVlrO60PmEXwUEKp8Mg==",
      "dev": true,
      "license": "MIT",
      "bin": {
        "napi": "scripts/index.js"
      },
      "engines": {
        "node": ">= 10"
      },
      "funding": {
        "type": "github",
        "url": "https://github.com/sponsors/Brooooooklyn"
      }
    },
    "node_modules/dotenv": {
      "version": "17.2.4",
      "resolved": "https://registry.npmjs.org/dotenv/-/dotenv-17.2.4.tgz",
      "integrity": "sha512-mudtfb4zRB4bVvdj0xRo+e6duH1csJRM8IukBqfTRvHotn9+LBXB8ynAidP9zHqoRC/fsllXgk4kCKlR21fIhw==",
      "dev": true,
      "license": "BSD-2-Clause",
      "engines": {
        "node": ">=12"
      },
      "funding": {
        "url": "https://dotenvx.com"
      }
    },
    "node_modules/duroxide-darwin-arm64": {
      "version": "0.1.19",
      "resolved": "https://registry.npmjs.org/duroxide-darwin-arm64/-/duroxide-darwin-arm64-0.1.19.tgz",
      "integrity": "sha512-IX5n5XRxw8NTvOdz+j8cAYc7+Ez6j6XNQFEl7LjREunZMNEv1iPLJro8xOHPKsoRUwIkoRBAkPiRCZcsBUQD/Q==",
      "cpu": [
        "arm64"
      ],
      "license": "MIT",
      "optional": true,
      "os": [
        "darwin"
      ],
      "engines": {
        "node": ">= 18"
      }
    },
    "node_modules/duroxide-darwin-x64": {
      "version": "0.1.19",
      "resolved": "https://registry.npmjs.org/duroxide-darwin-x64/-/duroxide-darwin-x64-0.1.19.tgz",
      "integrity": "sha512-d4oNUKlxgCcfVgLzOAnUhYo3oK9E8m64dgoVbuo85NZ3/tUxzuBLa8o2rrEvB5jrU5owEa7zwe0bcd4QzUXW1A==",
      "cpu": [
        "x64"
      ],
      "license": "MIT",
      "optional": true,
      "os": [
        "darwin"
      ],
      "engines": {
        "node": ">= 18"
      }
    },
    "node_modules/duroxide-linux-x64-gnu": {
      "version": "0.1.19",
      "resolved": "https://registry.npmjs.org/duroxide-linux-x64-gnu/-/duroxide-linux-x64-gnu-0.1.19.tgz",
      "integrity": "sha512-bvdWdAAMqH0DXCudZoqxQKiSEpsms0SLbvbsH9F8RAvTwKSoUnvZ7kj1dsCs79Y+M1BqyXoRWTgd3UNOoeeKWQ==",
      "cpu": [
        "x64"
      ],
      "license": "MIT",
      "optional": true,
      "os": [
        "linux"
      ],
      "engines": {
        "node": ">= 18"
      }
    },
    "node_modules/duroxide-windows-x64": {
      "version": "0.1.19",
      "resolved": "https://registry.npmjs.org/duroxide-windows-x64/-/duroxide-windows-x64-0.1.19.tgz",
      "integrity": "sha512-S9w0lX8zWpKj6bkosRS6xHuMJNgUwI8jttZMdc5iCfHZzMlBdvdPU/ttv9t++lmrAABVTd4qm0Fi6daTyfhl5g==",
      "cpu": [
        "x64"
      ],
      "license": "MIT",
      "optional": true,
      "os": [
        "win32"
      ],
      "engines": {
        "node": ">= 18"
      }
    }
  }
}
